
Microsoft Visual Studio Solution File, Format Version 12.00
# Visual Studio Version 16
VisualStudioVersion = 16.0.32428.217
MinimumVisualStudioVersion = 10.0.40219.1
Project("{FAE04EC0-301F-11D3-BF4B-00C04F79EFBC}") = "Weather", "Weather.csproj", "{908669B9-E40B-4BDA-95AB-0E1B92C425BA}"
EndProject
Global
	GlobalSection(SolutionConfigurationPlatforms) = preSolution
		Debug|Any CPU = Debug|Any CPU
		Release|Any CPU = Release|Any CPU
	EndGlobalSection
	GlobalSection(ProjectConfigurationPlatforms) = postSolution
		{908669B9-E40B-4BDA-95AB-0E1B92C425BA}.Debug|Any CPU.ActiveCfg = Debug|Any CPU
		{908669B9-E40B-4BDA-95AB-0E1B92C425BA}.Debug|Any CPU.Build.0 = Debug|Any CPU
		{908669B9-E40B-4BDA-95AB-0E1B92C425BA}.Release|Any CPU.ActiveCfg = Release|Any CPU
		{908669B9-E40B-4BDA-95AB-0E1B92C425BA}.Release|Any CPU.Build.0 = Release|Any CPU
	EndGlobalSection
	GlobalSection(SolutionProperties) = preSolution
		HideSolutionNode = FALSE
	EndGlobalSection
	GlobalSection(ExtensibilityGlobals) = postSolution
		SolutionGuid = {96DF85DF-1435-4395-9CAD-A8B598E8A517}
	EndGlobalSection
EndGlobal
